
Microsoft Visual Studio Solution File, Format Version 12.00
# Visual Studio Version 17
VisualStudioVersion = 17.13.35825.156 d17.13
MinimumVisualStudioVersion = 10.0.40219.1
Project("{FAE04EC0-301F-11D3-BF4B-00C04F79EFBC}") = "PrecoCombustivel", "PrecoCombustivel\PrecoCombustivel.csproj", "{F4F8A572-ADD7-4572-9C66-A0782F235CEE}"
EndProject
Global
	GlobalSection(SolutionConfigurationPlatforms) = preSolution
		Debug|Any CPU = Debug|Any CPU
		Release|Any CPU = Release|Any CPU
	EndGlobalSection
	GlobalSection(ProjectConfigurationPlatforms) = postSolution
		{F4F8A572-ADD7-4572-9C66-A0782F235CEE}.Debug|Any CPU.ActiveCfg = Debug|Any CPU
		{F4F8A572-ADD7-4572-9C66-A0782F235CEE}.Debug|Any CPU.Build.0 = Debug|Any CPU
		{F4F8A572-ADD7-4572-9C66-A0782F235CEE}.Release|Any CPU.ActiveCfg = Release|Any CPU
		{F4F8A572-ADD7-4572-9C66-A0782F235CEE}.Release|Any CPU.Build.0 = Release|Any CPU
	EndGlobalSection
	GlobalSection(SolutionProperties) = preSolution
		HideSolutionNode = FALSE
	EndGlobalSection
	GlobalSection(ExtensibilityGlobals) = postSolution
		SolutionGuid = {323ADF0D-333A-4B06-A902-336CAF7E844D}
	EndGlobalSection
EndGlobal
